
Microsoft Visual Studio Solution File, Format Version 12.00
# Visual Studio Version 17
VisualStudioVersion = 17.9.34622.214
MinimumVisualStudioVersion = 10.0.40219.1
Project("{FAE04EC0-301F-11D3-BF4B-00C04F79EFBC}") = "Akalaat", "Akalaat\Akalaat.csproj", "{CBBB33AE-473C-4B8E-8816-9AECA1AEBEEB}"
EndProject
Project("{FAE04EC0-301F-11D3-BF4B-00C04F79EFBC}") = "Akalaat.DAL", "Akalaat.DAL\Akalaat.DAL.csproj", "{3390EC9A-0FCD-4C01-AC82-AF785D57F636}"
EndProject
Project("{FAE04EC0-301F-11D3-BF4B-00C04F79EFBC}") = "Akalaat.BLL", "Akalaat.BLL\Akalaat.BLL.csproj", "{93DF1BE9-CD2A-46A1-A08B-C7971F6D3EE1}"
EndProject
Global
	GlobalSection(SolutionConfigurationPlatforms) = preSolution
		Debug|Any CPU = Debug|Any CPU
		Release|Any CPU = Release|Any CPU
	EndGlobalSection
	GlobalSection(ProjectConfigurationPlatforms) = postSolution
		{CBBB33AE-473C-4B8E-8816-9AECA1AEBEEB}.Debug|Any CPU.ActiveCfg = Debug|Any CPU
		{CBBB33AE-473C-4B8E-8816-9AECA1AEBEEB}.Debug|Any CPU.Build.0 = Debug|Any CPU
		{CBBB33AE-473C-4B8E-8816-9AECA1AEBEEB}.Release|Any CPU.ActiveCfg = Release|Any CPU
		{CBBB33AE-473C-4B8E-8816-9AECA1AEBEEB}.Release|Any CPU.Build.0 = Release|Any CPU
		{3390EC9A-0FCD-4C01-AC82-AF785D57F636}.Debug|Any CPU.ActiveCfg = Debug|Any CPU
		{3390EC9A-0FCD-4C01-AC82-AF785D57F636}.Debug|Any CPU.Build.0 = Debug|Any CPU
		{3390EC9A-0FCD-4C01-AC82-AF785D57F636}.Release|Any CPU.ActiveCfg = Release|Any CPU
		{3390EC9A-0FCD-4C01-AC82-AF785D57F636}.Release|Any CPU.Build.0 = Release|Any CPU
		{93DF1BE9-CD2A-46A1-A08B-C7971F6D3EE1}.Debug|Any CPU.ActiveCfg = Debug|Any CPU
		{93DF1BE9-CD2A-46A1-A08B-C7971F6D3EE1}.Debug|Any CPU.Build.0 = Debug|Any CPU
		{93DF1BE9-CD2A-46A1-A08B-C7971F6D3EE1}.Release|Any CPU.ActiveCfg = Release|Any CPU
		{93DF1BE9-CD2A-46A1-A08B-C7971F6D3EE1}.Release|Any CPU.Build.0 = Release|Any CPU
	EndGlobalSection
	GlobalSection(SolutionProperties) = preSolution
		HideSolutionNode = FALSE
	EndGlobalSection
	GlobalSection(ExtensibilityGlobals) = postSolution
		SolutionGuid = {E189F39A-B4E2-4F31-A3B4-CC984D6FCED2}
	EndGlobalSection
EndGlobal
